
Microsoft Visual Studio Solution File, Format Version 12.00
# Visual Studio Version 17
VisualStudioVersion = 17.1.32210.238
MinimumVisualStudioVersion = 10.0.40219.1
Project("{FAE04EC0-301F-11D3-BF4B-00C04F79EFBC}") = "NotePad", "NotePad\NotePad.csproj", "{623B8E51-3610-406A-BB1F-4E29BEB52D86}"
EndProject
Global
	GlobalSection(SolutionConfigurationPlatforms) = preSolution
		Debug|Any CPU = Debug|Any CPU
		Release|Any CPU = Release|Any CPU
	EndGlobalSection
	GlobalSection(ProjectConfigurationPlatforms) = postSolution
		{623B8E51-3610-406A-BB1F-4E29BEB52D86}.Debug|Any CPU.ActiveCfg = Debug|Any CPU
		{623B8E51-3610-406A-BB1F-4E29BEB52D86}.Debug|Any CPU.Build.0 = Debug|Any CPU
		{623B8E51-3610-406A-BB1F-4E29BEB52D86}.Release|Any CPU.ActiveCfg = Release|Any CPU
		{623B8E51-3610-406A-BB1F-4E29BEB52D86}.Release|Any CPU.Build.0 = Release|Any CPU
	EndGlobalSection
	GlobalSection(SolutionProperties) = preSolution
		HideSolutionNode = FALSE
	EndGlobalSection
	GlobalSection(ExtensibilityGlobals) = postSolution
		SolutionGuid = {C2BAB1FC-765E-4AAE-9562-64BAD7705517}
	EndGlobalSection
EndGlobal
